
Microsoft Visual Studio Solution File, Format Version 12.00
# Visual Studio Express 2012 for Windows Desktop
Project("{8BC9CEB8-8B4A-11D0-8D11-00A0C91BC942}") = "AddThermalSteps", "AddThermalSteps\AddThermalSteps.vcxproj", "{557541B5-8652-4553-A230-6CE9AA1FE78E}"
EndProject
Project("{8BC9CEB8-8B4A-11D0-8D11-00A0C91BC942}") = "ReadDisplacementsSet1", "ReadDisplacementsSet1\ReadDisplacementsSet1.vcxproj", "{4BF31B38-3663-4A07-8377-7CE864AFF145}"
EndProject
Project("{8BC9CEB8-8B4A-11D0-8D11-00A0C91BC942}") = "ReadDisplacementsSet2", "ReadDisplacementsSet2\ReadDisplacementsSet2.vcxproj", "{62FA523D-144C-4A7E-9AD9-B49ECCF0A1FB}"
EndProject
Project("{8BC9CEB8-8B4A-11D0-8D11-00A0C91BC942}") = "ReadThermalTimeSteps", "ReadThermalTimeSteps\ReadThermalTimeSteps.vcxproj", "{3C09FA51-9D22-497F-8741-98B481943876}"
EndProject
Project("{8BC9CEB8-8B4A-11D0-8D11-00A0C91BC942}") = "ReadThermalBulk", "ReadThermalBulk\ReadThermalBulk.vcxproj", "{172BC331-BDEC-4B98-B7C7-2754E4EB80D4}"
EndProject
Project("{8BC9CEB8-8B4A-11D0-8D11-00A0C91BC942}") = "HeatFlux", "HeatFlux\HeatFlux.vcxproj", "{AC9220B8-D12F-4B9B-8445-14CF3E332353}"
EndProject
Project("{8BC9CEB8-8B4A-11D0-8D11-00A0C91BC942}") = "AddTemperatureLoads", "AddTemperatureLoads\AddTemperatureLoads.vcxproj", "{C77ED4AC-37AD-4685-A474-39D6C37D6F43}"
EndProject
Project("{8BC9CEB8-8B4A-11D0-8D11-00A0C91BC942}") = "MyNXSupportLib", "MyNXSupportLib\MyNXSupportLib.vcxproj", "{47F551BB-3753-4485-AB88-CA27A6153723}"
EndProject
Project("{8BC9CEB8-8B4A-11D0-8D11-00A0C91BC942}") = "SamcefFlux", "SamcefFlux\SamcefFlux.vcxproj", "{8A90239F-FA54-4383-9C76-3CC4AA27F1F7}"
EndProject
Project("{8BC9CEB8-8B4A-11D0-8D11-00A0C91BC942}") = "Coupling", "Coupling\Coupling.vcxproj", "{4A60499F-1FF4-4461-B4D6-633BBDBC7D44}"
EndProject
Project("{8BC9CEB8-8B4A-11D0-8D11-00A0C91BC942}") = "TubularTJoint", "TubulareTJoint\TubulareTJoint.vcxproj", "{CCC53EF1-CA71-4BF4-9B2F-6B8900174A17}"
EndProject
Project("{8BC9CEB8-8B4A-11D0-8D11-00A0C91BC942}") = "TubularTJointMetLasteen", "TubularTJointMetLasteen\TubularTJointMetLasteen.vcxproj", "{F68C68BB-C138-4600-89C5-DCB37BC27D82}"
EndProject
Project("{8BC9CEB8-8B4A-11D0-8D11-00A0C91BC942}") = "HeatFluxBuis", "HeatFluxBuis\HeatFluxBuis.vcxproj", "{D64CE0DE-B962-4B3A-92A7-82BD63F7A622}"
EndProject
Project("{8BC9CEB8-8B4A-11D0-8D11-00A0C91BC942}") = "SamcefFluxKleinModel", "SamcefFluxKleinModel\SamcefFluxKleinModel.vcxproj", "{3DE8304A-25CD-4C54-BFCF-94F2BBFB06CF}"
EndProject
Project("{8BC9CEB8-8B4A-11D0-8D11-00A0C91BC942}") = "ReadDisplacementsSet1_output_per_tijdstap", "ReadDisplacementsSet1_output_per_tijdstap\ReadDisplacementsSet1_output_per_tijdstap.vcxproj", "{CDE33662-8BC8-4780-9C54-10111EF07DBE}"
EndProject
Project("{8BC9CEB8-8B4A-11D0-8D11-00A0C91BC942}") = "SamcefFlux_tegengesteld", "SamcefFlux_tegengesteld\SamcefFlux_tegengesteld.vcxproj", "{61B9E8B2-0973-470C-8472-EEBD220C7B88}"
EndProject
Project("{8BC9CEB8-8B4A-11D0-8D11-00A0C91BC942}") = "SamcefFluxKleinModelLinksRechts", "SamcefFluxKleinModelLinksRechts\SamcefFluxKleinModelLinksRechts.vcxproj", "{65D32444-40F4-49CC-B069-E5AE1D75D5A0}"
EndProject
Project("{8BC9CEB8-8B4A-11D0-8D11-00A0C91BC942}") = "SamcefFluxRechterkant", "SamcefFluxRechterkant\SamcefFluxRechterkant.vcxproj", "{96780AFE-B3EF-46F2-8E82-6FC2F36171B4}"
EndProject
Global
	GlobalSection(SolutionConfigurationPlatforms) = preSolution
		Debug|Mixed Platforms = Debug|Mixed Platforms
		Debug|Win32 = Debug|Win32
		Debug|x64 = Debug|x64
		Release|Mixed Platforms = Release|Mixed Platforms
		Release|Win32 = Release|Win32
		Release|x64 = Release|x64
	EndGlobalSection
	GlobalSection(ProjectConfigurationPlatforms) = postSolution
		{557541B5-8652-4553-A230-6CE9AA1FE78E}.Debug|Mixed Platforms.ActiveCfg = Release|x64
		{557541B5-8652-4553-A230-6CE9AA1FE78E}.Debug|Mixed Platforms.Build.0 = Release|x64
		{557541B5-8652-4553-A230-6CE9AA1FE78E}.Debug|Win32.ActiveCfg = Debug|Win32
		{557541B5-8652-4553-A230-6CE9AA1FE78E}.Debug|Win32.Build.0 = Debug|Win32
		{557541B5-8652-4553-A230-6CE9AA1FE78E}.Debug|x64.ActiveCfg = Debug|Win32
		{557541B5-8652-4553-A230-6CE9AA1FE78E}.Release|Mixed Platforms.ActiveCfg = Release|x64
		{557541B5-8652-4553-A230-6CE9AA1FE78E}.Release|Mixed Platforms.Build.0 = Release|x64
		{557541B5-8652-4553-A230-6CE9AA1FE78E}.Release|Win32.ActiveCfg = Release|Win32
		{557541B5-8652-4553-A230-6CE9AA1FE78E}.Release|Win32.Build.0 = Release|Win32
		{557541B5-8652-4553-A230-6CE9AA1FE78E}.Release|x64.ActiveCfg = Release|Win32
		{4BF31B38-3663-4A07-8377-7CE864AFF145}.Debug|Mixed Platforms.ActiveCfg = Release|x64
		{4BF31B38-3663-4A07-8377-7CE864AFF145}.Debug|Mixed Platforms.Build.0 = Release|x64
		{4BF31B38-3663-4A07-8377-7CE864AFF145}.Debug|Win32.ActiveCfg = Debug|Win32
		{4BF31B38-3663-4A07-8377-7CE864AFF145}.Debug|Win32.Build.0 = Debug|Win32
		{4BF31B38-3663-4A07-8377-7CE864AFF145}.Debug|x64.ActiveCfg = Debug|Win32
		{4BF31B38-3663-4A07-8377-7CE864AFF145}.Release|Mixed Platforms.ActiveCfg = Release|x64
		{4BF31B38-3663-4A07-8377-7CE864AFF145}.Release|Mixed Platforms.Build.0 = Release|x64
		{4BF31B38-3663-4A07-8377-7CE864AFF145}.Release|Win32.ActiveCfg = Release|Win32
		{4BF31B38-3663-4A07-8377-7CE864AFF145}.Release|Win32.Build.0 = Release|Win32
		{4BF31B38-3663-4A07-8377-7CE864AFF145}.Release|x64.ActiveCfg = Release|Win32
		{62FA523D-144C-4A7E-9AD9-B49ECCF0A1FB}.Debug|Mixed Platforms.ActiveCfg = Release|x64
		{62FA523D-144C-4A7E-9AD9-B49ECCF0A1FB}.Debug|Mixed Platforms.Build.0 = Release|x64
		{62FA523D-144C-4A7E-9AD9-B49ECCF0A1FB}.Debug|Win32.ActiveCfg = Debug|Win32
		{62FA523D-144C-4A7E-9AD9-B49ECCF0A1FB}.Debug|Win32.Build.0 = Debug|Win32
		{62FA523D-144C-4A7E-9AD9-B49ECCF0A1FB}.Debug|x64.ActiveCfg = Debug|Win32
		{62FA523D-144C-4A7E-9AD9-B49ECCF0A1FB}.Release|Mixed Platforms.ActiveCfg = Release|x64
		{62FA523D-144C-4A7E-9AD9-B49ECCF0A1FB}.Release|Mixed Platforms.Build.0 = Release|x64
		{62FA523D-144C-4A7E-9AD9-B49ECCF0A1FB}.Release|Win32.ActiveCfg = Release|Win32
		{62FA523D-144C-4A7E-9AD9-B49ECCF0A1FB}.Release|Win32.Build.0 = Release|Win32
		{62FA523D-144C-4A7E-9AD9-B49ECCF0A1FB}.Release|x64.ActiveCfg = Release|Win32
		{3C09FA51-9D22-497F-8741-98B481943876}.Debug|Mixed Platforms.ActiveCfg = Release|x64
		{3C09FA51-9D22-497F-8741-98B481943876}.Debug|Mixed Platforms.Build.0 = Release|x64
		{3C09FA51-9D22-497F-8741-98B481943876}.Debug|Win32.ActiveCfg = Debug|Win32
		{3C09FA51-9D22-497F-8741-98B481943876}.Debug|Win32.Build.0 = Debug|Win32
		{3C09FA51-9D22-497F-8741-98B481943876}.Debug|x64.ActiveCfg = Debug|Win32
		{3C09FA51-9D22-497F-8741-98B481943876}.Release|Mixed Platforms.ActiveCfg = Release|x64
		{3C09FA51-9D22-497F-8741-98B481943876}.Release|Mixed Platforms.Build.0 = Release|x64
		{3C09FA51-9D22-497F-8741-98B481943876}.Release|Win32.ActiveCfg = Release|Win32
		{3C09FA51-9D22-497F-8741-98B481943876}.Release|Win32.Build.0 = Release|Win32
		{3C09FA51-9D22-497F-8741-98B481943876}.Release|x64.ActiveCfg = Release|Win32
		{172BC331-BDEC-4B98-B7C7-2754E4EB80D4}.Debug|Mixed Platforms.ActiveCfg = Release|x64
		{172BC331-BDEC-4B98-B7C7-2754E4EB80D4}.Debug|Mixed Platforms.Build.0 = Release|x64
		{172BC331-BDEC-4B98-B7C7-2754E4EB80D4}.Debug|Win32.ActiveCfg = Debug|Win32
		{172BC331-BDEC-4B98-B7C7-2754E4EB80D4}.Debug|Win32.Build.0 = Debug|Win32
		{172BC331-BDEC-4B98-B7C7-2754E4EB80D4}.Debug|x64.ActiveCfg = Debug|Win32
		{172BC331-BDEC-4B98-B7C7-2754E4EB80D4}.Release|Mixed Platforms.ActiveCfg = Release|x64
		{172BC331-BDEC-4B98-B7C7-2754E4EB80D4}.Release|Mixed Platforms.Build.0 = Release|x64
		{172BC331-BDEC-4B98-B7C7-2754E4EB80D4}.Release|Win32.ActiveCfg = Release|Win32
		{172BC331-BDEC-4B98-B7C7-2754E4EB80D4}.Release|Win32.Build.0 = Release|Win32
		{172BC331-BDEC-4B98-B7C7-2754E4EB80D4}.Release|x64.ActiveCfg = Release|Win32
		{AC9220B8-D12F-4B9B-8445-14CF3E332353}.Debug|Mixed Platforms.ActiveCfg = Release|x64
		{AC9220B8-D12F-4B9B-8445-14CF3E332353}.Debug|Mixed Platforms.Build.0 = Release|x64
		{AC9220B8-D12F-4B9B-8445-14CF3E332353}.Debug|Win32.ActiveCfg = Debug|Win32
		{AC9220B8-D12F-4B9B-8445-14CF3E332353}.Debug|Win32.Build.0 = Debug|Win32
		{AC9220B8-D12F-4B9B-8445-14CF3E332353}.Debug|x64.ActiveCfg = Debug|Win32
		{AC9220B8-D12F-4B9B-8445-14CF3E332353}.Release|Mixed Platforms.ActiveCfg = Release|x64
		{AC9220B8-D12F-4B9B-8445-14CF3E332353}.Release|Mixed Platforms.Build.0 = Release|x64
		{AC9220B8-D12F-4B9B-8445-14CF3E332353}.Release|Win32.ActiveCfg = Release|Win32
		{AC9220B8-D12F-4B9B-8445-14CF3E332353}.Release|Win32.Build.0 = Release|Win32
		{AC9220B8-D12F-4B9B-8445-14CF3E332353}.Release|x64.ActiveCfg = Release|Win32
		{C77ED4AC-37AD-4685-A474-39D6C37D6F43}.Debug|Mixed Platforms.ActiveCfg = Release|x64
		{C77ED4AC-37AD-4685-A474-39D6C37D6F43}.Debug|Mixed Platforms.Build.0 = Release|x64
		{C77ED4AC-37AD-4685-A474-39D6C37D6F43}.Debug|Win32.ActiveCfg = Debug|Win32
		{C77ED4AC-37AD-4685-A474-39D6C37D6F43}.Debug|Win32.Build.0 = Debug|Win32
		{C77ED4AC-37AD-4685-A474-39D6C37D6F43}.Debug|x64.ActiveCfg = Debug|Win32
		{C77ED4AC-37AD-4685-A474-39D6C37D6F43}.Release|Mixed Platforms.ActiveCfg = Release|x64
		{C77ED4AC-37AD-4685-A474-39D6C37D6F43}.Release|Mixed Platforms.Build.0 = Release|x64
		{C77ED4AC-37AD-4685-A474-39D6C37D6F43}.Release|Win32.ActiveCfg = Release|Win32
		{C77ED4AC-37AD-4685-A474-39D6C37D6F43}.Release|Win32.Build.0 = Release|Win32
		{C77ED4AC-37AD-4685-A474-39D6C37D6F43}.Release|x64.ActiveCfg = Release|Win32
		{47F551BB-3753-4485-AB88-CA27A6153723}.Debug|Mixed Platforms.ActiveCfg = Release|x64
		{47F551BB-3753-4485-AB88-CA27A6153723}.Debug|Mixed Platforms.Build.0 = Release|x64
		{47F551BB-3753-4485-AB88-CA27A6153723}.Debug|Win32.ActiveCfg = Debug|Win32
		{47F551BB-3753-4485-AB88-CA27A6153723}.Debug|Win32.Build.0 = Debug|Win32
		{47F551BB-3753-4485-AB88-CA27A6153723}.Debug|x64.ActiveCfg = Debug|x64
		{47F551BB-3753-4485-AB88-CA27A6153723}.Debug|x64.Build.0 = Debug|x64
		{47F551BB-3753-4485-AB88-CA27A6153723}.Release|Mixed Platforms.ActiveCfg = Release|x64
		{47F551BB-3753-4485-AB88-CA27A6153723}.Release|Mixed Platforms.Build.0 = Release|x64
		{47F551BB-3753-4485-AB88-CA27A6153723}.Release|Win32.ActiveCfg = Release|Win32
		{47F551BB-3753-4485-AB88-CA27A6153723}.Release|Win32.Build.0 = Release|Win32
		{47F551BB-3753-4485-AB88-CA27A6153723}.Release|x64.ActiveCfg = Release|x64
		{47F551BB-3753-4485-AB88-CA27A6153723}.Release|x64.Build.0 = Release|x64
		{8A90239F-FA54-4383-9C76-3CC4AA27F1F7}.Debug|Mixed Platforms.ActiveCfg = Release|x64
		{8A90239F-FA54-4383-9C76-3CC4AA27F1F7}.Debug|Mixed Platforms.Build.0 = Release|x64
		{8A90239F-FA54-4383-9C76-3CC4AA27F1F7}.Debug|Win32.ActiveCfg = Debug|Win32
		{8A90239F-FA54-4383-9C76-3CC4AA27F1F7}.Debug|Win32.Build.0 = Debug|Win32
		{8A90239F-FA54-4383-9C76-3CC4AA27F1F7}.Debug|x64.ActiveCfg = Debug|x64
		{8A90239F-FA54-4383-9C76-3CC4AA27F1F7}.Debug|x64.Build.0 = Debug|x64
		{8A90239F-FA54-4383-9C76-3CC4AA27F1F7}.Release|Mixed Platforms.ActiveCfg = Release|x64
		{8A90239F-FA54-4383-9C76-3CC4AA27F1F7}.Release|Mixed Platforms.Build.0 = Release|x64
		{8A90239F-FA54-4383-9C76-3CC4AA27F1F7}.Release|Win32.ActiveCfg = Release|Win32
		{8A90239F-FA54-4383-9C76-3CC4AA27F1F7}.Release|Win32.Build.0 = Release|Win32
		{8A90239F-FA54-4383-9C76-3CC4AA27F1F7}.Release|x64.ActiveCfg = Release|x64
		{8A90239F-FA54-4383-9C76-3CC4AA27F1F7}.Release|x64.Build.0 = Release|x64
		{4A60499F-1FF4-4461-B4D6-633BBDBC7D44}.Debug|Mixed Platforms.ActiveCfg = Release|x64
		{4A60499F-1FF4-4461-B4D6-633BBDBC7D44}.Debug|Mixed Platforms.Build.0 = Release|x64
		{4A60499F-1FF4-4461-B4D6-633BBDBC7D44}.Debug|Win32.ActiveCfg = Debug|Win32
		{4A60499F-1FF4-4461-B4D6-633BBDBC7D44}.Debug|Win32.Build.0 = Debug|Win32
		{4A60499F-1FF4-4461-B4D6-633BBDBC7D44}.Debug|x64.ActiveCfg = Debug|Win32
		{4A60499F-1FF4-4461-B4D6-633BBDBC7D44}.Release|Mixed Platforms.ActiveCfg = Release|x64
		{4A60499F-1FF4-4461-B4D6-633BBDBC7D44}.Release|Mixed Platforms.Build.0 = Release|x64
		{4A60499F-1FF4-4461-B4D6-633BBDBC7D44}.Release|Win32.ActiveCfg = Release|Win32
		{4A60499F-1FF4-4461-B4D6-633BBDBC7D44}.Release|Win32.Build.0 = Release|Win32
		{4A60499F-1FF4-4461-B4D6-633BBDBC7D44}.Release|x64.ActiveCfg = Release|Win32
		{CCC53EF1-CA71-4BF4-9B2F-6B8900174A17}.Debug|Mixed Platforms.ActiveCfg = Release|x64
		{CCC53EF1-CA71-4BF4-9B2F-6B8900174A17}.Debug|Mixed Platforms.Build.0 = Release|x64
		{CCC53EF1-CA71-4BF4-9B2F-6B8900174A17}.Debug|Win32.ActiveCfg = Debug|Win32
		{CCC53EF1-CA71-4BF4-9B2F-6B8900174A17}.Debug|Win32.Build.0 = Debug|Win32
		{CCC53EF1-CA71-4BF4-9B2F-6B8900174A17}.Debug|x64.ActiveCfg = Debug|Win32
		{CCC53EF1-CA71-4BF4-9B2F-6B8900174A17}.Release|Mixed Platforms.ActiveCfg = Release|x64
		{CCC53EF1-CA71-4BF4-9B2F-6B8900174A17}.Release|Mixed Platforms.Build.0 = Release|x64
		{CCC53EF1-CA71-4BF4-9B2F-6B8900174A17}.Release|Win32.ActiveCfg = Release|Win32
		{CCC53EF1-CA71-4BF4-9B2F-6B8900174A17}.Release|Win32.Build.0 = Release|Win32
		{CCC53EF1-CA71-4BF4-9B2F-6B8900174A17}.Release|x64.ActiveCfg = Release|Win32
		{F68C68BB-C138-4600-89C5-DCB37BC27D82}.Debug|Mixed Platforms.ActiveCfg = Release|x64
		{F68C68BB-C138-4600-89C5-DCB37BC27D82}.Debug|Mixed Platforms.Build.0 = Release|x64
		{F68C68BB-C138-4600-89C5-DCB37BC27D82}.Debug|Win32.ActiveCfg = Debug|Win32
		{F68C68BB-C138-4600-89C5-DCB37BC27D82}.Debug|Win32.Build.0 = Debug|Win32
		{F68C68BB-C138-4600-89C5-DCB37BC27D82}.Debug|x64.ActiveCfg = Debug|Win32
		{F68C68BB-C138-4600-89C5-DCB37BC27D82}.Release|Mixed Platforms.ActiveCfg = Release|x64
		{F68C68BB-C138-4600-89C5-DCB37BC27D82}.Release|Mixed Platforms.Build.0 = Release|x64
		{F68C68BB-C138-4600-89C5-DCB37BC27D82}.Release|Win32.ActiveCfg = Release|Win32
		{F68C68BB-C138-4600-89C5-DCB37BC27D82}.Release|Win32.Build.0 = Release|Win32
		{F68C68BB-C138-4600-89C5-DCB37BC27D82}.Release|x64.ActiveCfg = Release|Win32
		{D64CE0DE-B962-4B3A-92A7-82BD63F7A622}.Debug|Mixed Platforms.ActiveCfg = Release|x64
		{D64CE0DE-B962-4B3A-92A7-82BD63F7A622}.Debug|Mixed Platforms.Build.0 = Release|x64
		{D64CE0DE-B962-4B3A-92A7-82BD63F7A622}.Debug|Win32.ActiveCfg = Debug|Win32
		{D64CE0DE-B962-4B3A-92A7-82BD63F7A622}.Debug|Win32.Build.0 = Debug|Win32
		{D64CE0DE-B962-4B3A-92A7-82BD63F7A622}.Debug|x64.ActiveCfg = Debug|Win32
		{D64CE0DE-B962-4B3A-92A7-82BD63F7A622}.Release|Mixed Platforms.ActiveCfg = Release|x64
		{D64CE0DE-B962-4B3A-92A7-82BD63F7A622}.Release|Mixed Platforms.Build.0 = Release|x64
		{D64CE0DE-B962-4B3A-92A7-82BD63F7A622}.Release|Win32.ActiveCfg = Release|Win32
		{D64CE0DE-B962-4B3A-92A7-82BD63F7A622}.Release|Win32.Build.0 = Release|Win32
		{D64CE0DE-B962-4B3A-92A7-82BD63F7A622}.Release|x64.ActiveCfg = Release|Win32
		{3DE8304A-25CD-4C54-BFCF-94F2BBFB06CF}.Debug|Mixed Platforms.ActiveCfg = Release|x64
		{3DE8304A-25CD-4C54-BFCF-94F2BBFB06CF}.Debug|Mixed Platforms.Build.0 = Release|x64
		{3DE8304A-25CD-4C54-BFCF-94F2BBFB06CF}.Debug|Win32.ActiveCfg = Debug|Win32
		{3DE8304A-25CD-4C54-BFCF-94F2BBFB06CF}.Debug|Win32.Build.0 = Debug|Win32
		{3DE8304A-25CD-4C54-BFCF-94F2BBFB06CF}.Debug|x64.ActiveCfg = Debug|Win32
		{3DE8304A-25CD-4C54-BFCF-94F2BBFB06CF}.Release|Mixed Platforms.ActiveCfg = Release|x64
		{3DE8304A-25CD-4C54-BFCF-94F2BBFB06CF}.Release|Mixed Platforms.Build.0 = Release|x64
		{3DE8304A-25CD-4C54-BFCF-94F2BBFB06CF}.Release|Win32.ActiveCfg = Release|Win32
		{3DE8304A-25CD-4C54-BFCF-94F2BBFB06CF}.Release|Win32.Build.0 = Release|Win32
		{3DE8304A-25CD-4C54-BFCF-94F2BBFB06CF}.Release|x64.ActiveCfg = Release|Win32
		{CDE33662-8BC8-4780-9C54-10111EF07DBE}.Debug|Mixed Platforms.ActiveCfg = Debug|Win32
		{CDE33662-8BC8-4780-9C54-10111EF07DBE}.Debug|Mixed Platforms.Build.0 = Debug|Win32
		{CDE33662-8BC8-4780-9C54-10111EF07DBE}.Debug|Win32.ActiveCfg = Debug|Win32
		{CDE33662-8BC8-4780-9C54-10111EF07DBE}.Debug|Win32.Build.0 = Debug|Win32
		{CDE33662-8BC8-4780-9C54-10111EF07DBE}.Debug|x64.ActiveCfg = Debug|Win32
		{CDE33662-8BC8-4780-9C54-10111EF07DBE}.Release|Mixed Platforms.ActiveCfg = Release|x64
		{CDE33662-8BC8-4780-9C54-10111EF07DBE}.Release|Mixed Platforms.Build.0 = Release|x64
		{CDE33662-8BC8-4780-9C54-10111EF07DBE}.Release|Win32.ActiveCfg = Release|Win32
		{CDE33662-8BC8-4780-9C54-10111EF07DBE}.Release|Win32.Build.0 = Release|Win32
		{CDE33662-8BC8-4780-9C54-10111EF07DBE}.Release|x64.ActiveCfg = Release|Win32
		{61B9E8B2-0973-470C-8472-EEBD220C7B88}.Debug|Mixed Platforms.ActiveCfg = Debug|Win32
		{61B9E8B2-0973-470C-8472-EEBD220C7B88}.Debug|Mixed Platforms.Build.0 = Debug|Win32
		{61B9E8B2-0973-470C-8472-EEBD220C7B88}.Debug|Win32.ActiveCfg = Debug|Win32
		{61B9E8B2-0973-470C-8472-EEBD220C7B88}.Debug|Win32.Build.0 = Debug|Win32
		{61B9E8B2-0973-470C-8472-EEBD220C7B88}.Debug|x64.ActiveCfg = Debug|Win32
		{61B9E8B2-0973-470C-8472-EEBD220C7B88}.Release|Mixed Platforms.ActiveCfg = Release|x64
		{61B9E8B2-0973-470C-8472-EEBD220C7B88}.Release|Mixed Platforms.Build.0 = Release|x64
		{61B9E8B2-0973-470C-8472-EEBD220C7B88}.Release|Win32.ActiveCfg = Release|Win32
		{61B9E8B2-0973-470C-8472-EEBD220C7B88}.Release|Win32.Build.0 = Release|Win32
		{61B9E8B2-0973-470C-8472-EEBD220C7B88}.Release|x64.ActiveCfg = Release|Win32
		{65D32444-40F4-49CC-B069-E5AE1D75D5A0}.Debug|Mixed Platforms.ActiveCfg = Debug|Win32
		{65D32444-40F4-49CC-B069-E5AE1D75D5A0}.Debug|Mixed Platforms.Build.0 = Debug|Win32
		{65D32444-40F4-49CC-B069-E5AE1D75D5A0}.Debug|Win32.ActiveCfg = Debug|Win32
		{65D32444-40F4-49CC-B069-E5AE1D75D5A0}.Debug|Win32.Build.0 = Debug|Win32
		{65D32444-40F4-49CC-B069-E5AE1D75D5A0}.Debug|x64.ActiveCfg = Debug|Win32
		{65D32444-40F4-49CC-B069-E5AE1D75D5A0}.Release|Mixed Platforms.ActiveCfg = Release|x64
		{65D32444-40F4-49CC-B069-E5AE1D75D5A0}.Release|Mixed Platforms.Build.0 = Release|x64
		{65D32444-40F4-49CC-B069-E5AE1D75D5A0}.Release|Win32.ActiveCfg = Release|Win32
		{65D32444-40F4-49CC-B069-E5AE1D75D5A0}.Release|Win32.Build.0 = Release|Win32
		{65D32444-40F4-49CC-B069-E5AE1D75D5A0}.Release|x64.ActiveCfg = Release|Win32
		{96780AFE-B3EF-46F2-8E82-6FC2F36171B4}.Debug|Mixed Platforms.ActiveCfg = Debug|Win32
		{96780AFE-B3EF-46F2-8E82-6FC2F36171B4}.Debug|Mixed Platforms.Build.0 = Debug|Win32
		{96780AFE-B3EF-46F2-8E82-6FC2F36171B4}.Debug|Win32.ActiveCfg = Debug|Win32
		{96780AFE-B3EF-46F2-8E82-6FC2F36171B4}.Debug|Win32.Build.0 = Debug|Win32
		{96780AFE-B3EF-46F2-8E82-6FC2F36171B4}.Debug|x64.ActiveCfg = Debug|Win32
		{96780AFE-B3EF-46F2-8E82-6FC2F36171B4}.Release|Mixed Platforms.ActiveCfg = Release|x64
		{96780AFE-B3EF-46F2-8E82-6FC2F36171B4}.Release|Mixed Platforms.Build.0 = Release|x64
		{96780AFE-B3EF-46F2-8E82-6FC2F36171B4}.Release|Win32.ActiveCfg = Release|Win32
		{96780AFE-B3EF-46F2-8E82-6FC2F36171B4}.Release|Win32.Build.0 = Release|Win32
		{96780AFE-B3EF-46F2-8E82-6FC2F36171B4}.Release|x64.ActiveCfg = Release|Win32
	EndGlobalSection
	GlobalSection(SolutionProperties) = preSolution
		HideSolutionNode = FALSE
	EndGlobalSection
EndGlobal
